
Microsoft Visual Studio Solution File, Format Version 12.00
# Visual Studio 15
Project("{FAE04EC0-301F-11D3-BF4B-00C04F79EFBC}") = "UnityEngine.TestRunner", "UnityEngine.TestRunner.csproj", "{3121D00C-2DEB-0877-B194-46AC25FE677A}"
EndProject
Project("{FAE04EC0-301F-11D3-BF4B-00C04F79EFBC}") = "Unity.Mathematics", "Unity.Mathematics.csproj", "{500C5C36-5669-5EDE-5529-81F3C15703E2}"
EndProject
Project("{FAE04EC0-301F-11D3-BF4B-00C04F79EFBC}") = "Unity.2D.Animation.Triangle.Runtime", "Unity.2D.Animation.Triangle.Runtime.csproj", "{A56A3AC7-DDAC-EBA2-28DF-B37A817CACD7}"
EndProject
Project("{FAE04EC0-301F-11D3-BF4B-00C04F79EFBC}") = "Unity.Timeline", "Unity.Timeline.csproj", "{6FE3BBD9-D746-9119-7449-48E51B13948B}"
EndProject
Project("{FAE04EC0-301F-11D3-BF4B-00C04F79EFBC}") = "UnityEngine.UI", "UnityEngine.UI.csproj", "{FD7D00FD-70BE-4683-D667-E613D1BCA6A8}"
EndProject
Project("{FAE04EC0-301F-11D3-BF4B-00C04F79EFBC}") = "Cinemachine", "Cinemachine.csproj", "{7EE5F383-61D6-CE9B-B5BF-AAD660B8336C}"
EndProject
Project("{FAE04EC0-301F-11D3-BF4B-00C04F79EFBC}") = "Unity.TextMeshPro", "Unity.TextMeshPro.csproj", "{18A81C5A-54A4-EB35-6E69-FABB57213E0F}"
EndProject
Project("{FAE04EC0-301F-11D3-BF4B-00C04F79EFBC}") = "Unity.2D.Animation.Runtime", "Unity.2D.Animation.Runtime.csproj", "{1EF60BC5-CCD6-07E9-DE32-2B6C7BF019A6}"
EndProject
Project("{FAE04EC0-301F-11D3-BF4B-00C04F79EFBC}") = "Unity.2D.Tilemap.Extras", "Unity.2D.Tilemap.Extras.csproj", "{C725D0B2-DCE9-BAA1-987F-02E8BCFED1F6}"
EndProject
Project("{FAE04EC0-301F-11D3-BF4B-00C04F79EFBC}") = "Unity.2D.IK.Runtime", "Unity.2D.IK.Runtime.csproj", "{553B4BFC-767D-20C8-3643-EDE43FAF6669}"
EndProject
Project("{FAE04EC0-301F-11D3-BF4B-00C04F79EFBC}") = "Unity.2D.SpriteShape.Runtime", "Unity.2D.SpriteShape.Runtime.csproj", "{68665127-1EA7-854F-23CC-E061A7D28944}"
EndProject
Project("{FAE04EC0-301F-11D3-BF4B-00C04F79EFBC}") = "Unity.2D.PixelPerfect", "Unity.2D.PixelPerfect.csproj", "{5BE60D02-5324-70F9-0A78-AF0D1BC2FB31}"
EndProject
Project("{FAE04EC0-301F-11D3-BF4B-00C04F79EFBC}") = "Unity.2D.Common.Runtime", "Unity.2D.Common.Runtime.csproj", "{656B0AC5-4900-3A4A-6333-F51A499B3733}"
EndProject
Project("{FAE04EC0-301F-11D3-BF4B-00C04F79EFBC}") = "Unity.InternalAPIEngineBridge.001", "Unity.InternalAPIEngineBridge.001.csproj", "{01E303D3-2572-E423-2750-94FC38C69BEB}"
EndProject
Project("{FAE04EC0-301F-11D3-BF4B-00C04F79EFBC}") = "Assembly-CSharp", "Assembly-CSharp.csproj", "{A2EB1BAD-259F-831B-EBE3-A1327D743005}"
EndProject
Project("{FAE04EC0-301F-11D3-BF4B-00C04F79EFBC}") = "UnityEditor.TestRunner", "UnityEditor.TestRunner.csproj", "{C77DEE05-D3A8-6F46-0C59-1049E3FB9FE8}"
EndProject
Project("{FAE04EC0-301F-11D3-BF4B-00C04F79EFBC}") = "Unity.PlasticSCM.Editor", "Unity.PlasticSCM.Editor.csproj", "{7707B76D-A539-D3D7-F12C-1958FDC528B8}"
EndProject
Project("{FAE04EC0-301F-11D3-BF4B-00C04F79EFBC}") = "UnityEditor.UI", "UnityEditor.UI.csproj", "{206033FD-68D7-D3B4-83E3-D671821D91C8}"
EndProject
Project("{FAE04EC0-301F-11D3-BF4B-00C04F79EFBC}") = "Unity.Services.Core.Editor", "Unity.Services.Core.Editor.csproj", "{8085012E-ED48-DD8E-45BC-36169CEFC510}"
EndProject
Project("{FAE04EC0-301F-11D3-BF4B-00C04F79EFBC}") = "Unity.Timeline.Editor", "Unity.Timeline.Editor.csproj", "{CE14EA91-197E-1346-8CD9-EB3BF214D7C3}"
EndProject
Project("{FAE04EC0-301F-11D3-BF4B-00C04F79EFBC}") = "Unity.VisualStudio.Editor", "Unity.VisualStudio.Editor.csproj", "{69AB271E-031D-9383-EF56-C1A3216E1DA0}"
EndProject
Project("{FAE04EC0-301F-11D3-BF4B-00C04F79EFBC}") = "com.unity.cinemachine.editor", "com.unity.cinemachine.editor.csproj", "{9C5CA712-E515-6BB7-F51E-C1FFA97CB419}"
EndProject
Project("{FAE04EC0-301F-11D3-BF4B-00C04F79EFBC}") = "Unity.2D.Psdimporter.Editor", "Unity.2D.Psdimporter.Editor.csproj", "{47E521F0-5C52-8035-AB37-A6EBE10641AD}"
EndProject
Project("{FAE04EC0-301F-11D3-BF4B-00C04F79EFBC}") = "Unity.2D.Animation.Editor", "Unity.2D.Animation.Editor.csproj", "{4C6136B2-BEFD-B4C2-5306-776F7B846F96}"
EndProject
Project("{FAE04EC0-301F-11D3-BF4B-00C04F79EFBC}") = "Unity.TextMeshPro.Editor", "Unity.TextMeshPro.Editor.csproj", "{6A91AF94-F3BE-123A-536C-FC627EE0A65E}"
EndProject
Project("{FAE04EC0-301F-11D3-BF4B-00C04F79EFBC}") = "Unity.2D.SpriteShape.Editor", "Unity.2D.SpriteShape.Editor.csproj", "{AA3AF33A-8465-C13D-F2A4-02BAC69C1709}"
EndProject
Project("{FAE04EC0-301F-11D3-BF4B-00C04F79EFBC}") = "Unity.CollabProxy.Editor", "Unity.CollabProxy.Editor.csproj", "{23D7F693-64E1-1FB3-F2AC-B01E5955FEB9}"
EndProject
Project("{FAE04EC0-301F-11D3-BF4B-00C04F79EFBC}") = "PsdPlugin", "PsdPlugin.csproj", "{B03AC0D2-F228-711E-6ACB-FAA33460E087}"
EndProject
Project("{FAE04EC0-301F-11D3-BF4B-00C04F79EFBC}") = "Unity.2D.Path.Editor", "Unity.2D.Path.Editor.csproj", "{0B4C558F-2A56-20E3-2106-BD803C547010}"
EndProject
Project("{FAE04EC0-301F-11D3-BF4B-00C04F79EFBC}") = "Unity.Rider.Editor", "Unity.Rider.Editor.csproj", "{D733C11B-3AED-0520-4176-3A3CA6131EFD}"
EndProject
Project("{FAE04EC0-301F-11D3-BF4B-00C04F79EFBC}") = "Unity.2D.IK.Editor", "Unity.2D.IK.Editor.csproj", "{26D33F36-7A4A-6774-7F5E-73169C128F5B}"
EndProject
Project("{FAE04EC0-301F-11D3-BF4B-00C04F79EFBC}") = "Unity.SysrootPackage.Editor", "Unity.SysrootPackage.Editor.csproj", "{E1FA3029-2ACA-F111-6C19-B8E8B785EC12}"
EndProject
Project("{FAE04EC0-301F-11D3-BF4B-00C04F79EFBC}") = "Unity.2D.Sprite.Editor", "Unity.2D.Sprite.Editor.csproj", "{C69EFEF9-C81B-4E73-6AD3-030F6FCF3555}"
EndProject
Project("{FAE04EC0-301F-11D3-BF4B-00C04F79EFBC}") = "Unity.2D.Tilemap.Editor", "Unity.2D.Tilemap.Editor.csproj", "{5CEA9742-CEF2-E685-0ADF-70EE2C446E8D}"
EndProject
Project("{FAE04EC0-301F-11D3-BF4B-00C04F79EFBC}") = "Unity.2D.Tilemap.Extras.Editor", "Unity.2D.Tilemap.Extras.Editor.csproj", "{28457526-240A-67D1-5B24-AE3085B84FE9}"
EndProject
Project("{FAE04EC0-301F-11D3-BF4B-00C04F79EFBC}") = "Unity.2D.PixelPerfect.Editor", "Unity.2D.PixelPerfect.Editor.csproj", "{D330B901-A019-5DDE-FB01-DAC513E3A8C9}"
EndProject
Project("{FAE04EC0-301F-11D3-BF4B-00C04F79EFBC}") = "Unity.VSCode.Editor", "Unity.VSCode.Editor.csproj", "{21E08E0F-5E4B-A7D1-8DA5-1A613DCC9AF5}"
EndProject
Project("{FAE04EC0-301F-11D3-BF4B-00C04F79EFBC}") = "Unity.Toolchain.Win-x86_64-Linux-x86_64", "Unity.Toolchain.Win-x86_64-Linux-x86_64.csproj", "{217E66A6-0589-3F83-BF68-3EB46D1F7105}"
EndProject
Project("{FAE04EC0-301F-11D3-BF4B-00C04F79EFBC}") = "Unity.2D.Common.Editor", "Unity.2D.Common.Editor.csproj", "{8BD5F58B-EBDF-74FB-5CEE-AC0B2624A425}"
EndProject
Project("{FAE04EC0-301F-11D3-BF4B-00C04F79EFBC}") = "Unity.Mathematics.Editor", "Unity.Mathematics.Editor.csproj", "{79CB4328-F8C4-25E4-52AC-F6A123DE2FEA}"
EndProject
Project("{FAE04EC0-301F-11D3-BF4B-00C04F79EFBC}") = "Unity.InternalAPIEditorBridge.001", "Unity.InternalAPIEditorBridge.001.csproj", "{580753B8-56C2-18C8-2676-B0583721C4CF}"
EndProject
Project("{FAE04EC0-301F-11D3-BF4B-00C04F79EFBC}") = "Unity.Sysroot.Linux_x86_64", "Unity.Sysroot.Linux_x86_64.csproj", "{04CCC702-2F02-592E-1769-52C8BE5BFD94}"
EndProject
Project("{FAE04EC0-301F-11D3-BF4B-00C04F79EFBC}") = "UnityEngine.TestRunner", "UnityEngine.TestRunner.Player.csproj", "{CBE7D3E7-68F0-90B4-1182-204CC44D9C79}"
EndProject
Project("{FAE04EC0-301F-11D3-BF4B-00C04F79EFBC}") = "Unity.Mathematics", "Unity.Mathematics.Player.csproj", "{337B0E14-6F00-543A-E069-16E50F0BBFA6}"
EndProject
Project("{FAE04EC0-301F-11D3-BF4B-00C04F79EFBC}") = "Unity.2D.Animation.Triangle.Runtime", "Unity.2D.Animation.Triangle.Runtime.Player.csproj", "{B6FFC4B9-F572-2655-3552-5609FE33EF90}"
EndProject
Project("{FAE04EC0-301F-11D3-BF4B-00C04F79EFBC}") = "Unity.Timeline", "Unity.Timeline.Player.csproj", "{145D845C-CF81-E429-8A00-2BD05C7B4C68}"
EndProject
Project("{FAE04EC0-301F-11D3-BF4B-00C04F79EFBC}") = "UnityEngine.UI", "UnityEngine.UI.Player.csproj", "{4E768BA0-4884-DC26-1BAB-8B07463206F2}"
EndProject
Project("{FAE04EC0-301F-11D3-BF4B-00C04F79EFBC}") = "Cinemachine", "Cinemachine.Player.csproj", "{54D02551-766A-1708-A265-7257949CA47F}"
EndProject
Project("{FAE04EC0-301F-11D3-BF4B-00C04F79EFBC}") = "Unity.TextMeshPro", "Unity.TextMeshPro.Player.csproj", "{0220E054-5EA1-6EC1-8AAC-D48A97A7F82C}"
EndProject
Project("{FAE04EC0-301F-11D3-BF4B-00C04F79EFBC}") = "Unity.2D.Animation.Runtime", "Unity.2D.Animation.Runtime.Player.csproj", "{49D1E67B-5AF0-C664-8511-9B12568EE377}"
EndProject
Project("{FAE04EC0-301F-11D3-BF4B-00C04F79EFBC}") = "Unity.2D.Tilemap.Extras", "Unity.2D.Tilemap.Extras.Player.csproj", "{6BB0B120-A4A3-6780-19C7-B9BADADB7BA3}"
EndProject
Project("{FAE04EC0-301F-11D3-BF4B-00C04F79EFBC}") = "Unity.2D.IK.Runtime", "Unity.2D.IK.Runtime.Player.csproj", "{86C852BA-0569-9AF9-663B-3E03E02A00D7}"
EndProject
Project("{FAE04EC0-301F-11D3-BF4B-00C04F79EFBC}") = "Unity.2D.SpriteShape.Runtime", "Unity.2D.SpriteShape.Runtime.Player.csproj", "{394957C2-ADA4-68D3-812D-E0B0460C4BA8}"
EndProject
Project("{FAE04EC0-301F-11D3-BF4B-00C04F79EFBC}") = "Unity.2D.PixelPerfect", "Unity.2D.PixelPerfect.Player.csproj", "{35CE0758-0CF6-8AE2-4822-9ADEE1513D77}"
EndProject
Project("{FAE04EC0-301F-11D3-BF4B-00C04F79EFBC}") = "Unity.2D.Common.Runtime", "Unity.2D.Common.Runtime.Player.csproj", "{484B6E13-AFCE-9480-E08E-A7E3356A5A78}"
EndProject
Project("{FAE04EC0-301F-11D3-BF4B-00C04F79EFBC}") = "Unity.InternalAPIEngineBridge.001", "Unity.InternalAPIEngineBridge.001.Player.csproj", "{E54A30C1-2486-CFA9-5E10-8409E2576E6E}"
EndProject
Project("{FAE04EC0-301F-11D3-BF4B-00C04F79EFBC}") = "Assembly-CSharp", "Assembly-CSharp.Player.csproj", "{36ED4A77-F9F1-39FD-9C53-25EB19861921}"
EndProject
Global
	GlobalSection(SolutionConfigurationPlatforms) = preSolution
		Debug|Any CPU = Debug|Any CPU
		Release|Any CPU = Release|Any CPU
	EndGlobalSection
	GlobalSection(ProjectConfigurationPlatforms) = postSolution
		{3121D00C-2DEB-0877-B194-46AC25FE677A}.Debug|Any CPU.ActiveCfg = Debug|Any CPU
		{3121D00C-2DEB-0877-B194-46AC25FE677A}.Debug|Any CPU.Build.0 = Debug|Any CPU
		{3121D00C-2DEB-0877-B194-46AC25FE677A}.Release|Any CPU.ActiveCfg = Release|Any CPU
		{3121D00C-2DEB-0877-B194-46AC25FE677A}.Release|Any CPU.Build.0 = Release|Any CPU
		{500C5C36-5669-5EDE-5529-81F3C15703E2}.Debug|Any CPU.ActiveCfg = Debug|Any CPU
		{500C5C36-5669-5EDE-5529-81F3C15703E2}.Debug|Any CPU.Build.0 = Debug|Any CPU
		{500C5C36-5669-5EDE-5529-81F3C15703E2}.Release|Any CPU.ActiveCfg = Release|Any CPU
		{500C5C36-5669-5EDE-5529-81F3C15703E2}.Release|Any CPU.Build.0 = Release|Any CPU
		{A56A3AC7-DDAC-EBA2-28DF-B37A817CACD7}.Debug|Any CPU.ActiveCfg = Debug|Any CPU
		{A56A3AC7-DDAC-EBA2-28DF-B37A817CACD7}.Debug|Any CPU.Build.0 = Debug|Any CPU
		{A56A3AC7-DDAC-EBA2-28DF-B37A817CACD7}.Release|Any CPU.ActiveCfg = Release|Any CPU
		{A56A3AC7-DDAC-EBA2-28DF-B37A817CACD7}.Release|Any CPU.Build.0 = Release|Any CPU
		{6FE3BBD9-D746-9119-7449-48E51B13948B}.Debug|Any CPU.ActiveCfg = Debug|Any CPU
		{6FE3BBD9-D746-9119-7449-48E51B13948B}.Debug|Any CPU.Build.0 = Debug|Any CPU
		{6FE3BBD9-D746-9119-7449-48E51B13948B}.Release|Any CPU.ActiveCfg = Release|Any CPU
		{6FE3BBD9-D746-9119-7449-48E51B13948B}.Release|Any CPU.Build.0 = Release|Any CPU
		{FD7D00FD-70BE-4683-D667-E613D1BCA6A8}.Debug|Any CPU.ActiveCfg = Debug|Any CPU
		{FD7D00FD-70BE-4683-D667-E613D1BCA6A8}.Debug|Any CPU.Build.0 = Debug|Any CPU
		{FD7D00FD-70BE-4683-D667-E613D1BCA6A8}.Release|Any CPU.ActiveCfg = Release|Any CPU
		{FD7D00FD-70BE-4683-D667-E613D1BCA6A8}.Release|Any CPU.Build.0 = Release|Any CPU
		{7EE5F383-61D6-CE9B-B5BF-AAD660B8336C}.Debug|Any CPU.ActiveCfg = Debug|Any CPU
		{7EE5F383-61D6-CE9B-B5BF-AAD660B8336C}.Debug|Any CPU.Build.0 = Debug|Any CPU
		{7EE5F383-61D6-CE9B-B5BF-AAD660B8336C}.Release|Any CPU.ActiveCfg = Release|Any CPU
		{7EE5F383-61D6-CE9B-B5BF-AAD660B8336C}.Release|Any CPU.Build.0 = Release|Any CPU
		{18A81C5A-54A4-EB35-6E69-FABB57213E0F}.Debug|Any CPU.ActiveCfg = Debug|Any CPU
		{18A81C5A-54A4-EB35-6E69-FABB57213E0F}.Debug|Any CPU.Build.0 = Debug|Any CPU
		{18A81C5A-54A4-EB35-6E69-FABB57213E0F}.Release|Any CPU.ActiveCfg = Release|Any CPU
		{18A81C5A-54A4-EB35-6E69-FABB57213E0F}.Release|Any CPU.Build.0 = Release|Any CPU
		{1EF60BC5-CCD6-07E9-DE32-2B6C7BF019A6}.Debug|Any CPU.ActiveCfg = Debug|Any CPU
		{1EF60BC5-CCD6-07E9-DE32-2B6C7BF019A6}.Debug|Any CPU.Build.0 = Debug|Any CPU
		{1EF60BC5-CCD6-07E9-DE32-2B6C7BF019A6}.Release|Any CPU.ActiveCfg = Release|Any CPU
		{1EF60BC5-CCD6-07E9-DE32-2B6C7BF019A6}.Release|Any CPU.Build.0 = Release|Any CPU
		{C725D0B2-DCE9-BAA1-987F-02E8BCFED1F6}.Debug|Any CPU.ActiveCfg = Debug|Any CPU
		{C725D0B2-DCE9-BAA1-987F-02E8BCFED1F6}.Debug|Any CPU.Build.0 = Debug|Any CPU
		{C725D0B2-DCE9-BAA1-987F-02E8BCFED1F6}.Release|Any CPU.ActiveCfg = Release|Any CPU
		{C725D0B2-DCE9-BAA1-987F-02E8BCFED1F6}.Release|Any CPU.Build.0 = Release|Any CPU
		{553B4BFC-767D-20C8-3643-EDE43FAF6669}.Debug|Any CPU.ActiveCfg = Debug|Any CPU
		{553B4BFC-767D-20C8-3643-EDE43FAF6669}.Debug|Any CPU.Build.0 = Debug|Any CPU
		{553B4BFC-767D-20C8-3643-EDE43FAF6669}.Release|Any CPU.ActiveCfg = Release|Any CPU
		{553B4BFC-767D-20C8-3643-EDE43FAF6669}.Release|Any CPU.Build.0 = Release|Any CPU
		{68665127-1EA7-854F-23CC-E061A7D28944}.Debug|Any CPU.ActiveCfg = Debug|Any CPU
		{68665127-1EA7-854F-23CC-E061A7D28944}.Debug|Any CPU.Build.0 = Debug|Any CPU
		{68665127-1EA7-854F-23CC-E061A7D28944}.Release|Any CPU.ActiveCfg = Release|Any CPU
		{68665127-1EA7-854F-23CC-E061A7D28944}.Release|Any CPU.Build.0 = Release|Any CPU
		{5BE60D02-5324-70F9-0A78-AF0D1BC2FB31}.Debug|Any CPU.ActiveCfg = Debug|Any CPU
		{5BE60D02-5324-70F9-0A78-AF0D1BC2FB31}.Debug|Any CPU.Build.0 = Debug|Any CPU
		{5BE60D02-5324-70F9-0A78-AF0D1BC2FB31}.Release|Any CPU.ActiveCfg = Release|Any CPU
		{5BE60D02-5324-70F9-0A78-AF0D1BC2FB31}.Release|Any CPU.Build.0 = Release|Any CPU
		{656B0AC5-4900-3A4A-6333-F51A499B3733}.Debug|Any CPU.ActiveCfg = Debug|Any CPU
		{656B0AC5-4900-3A4A-6333-F51A499B3733}.Debug|Any CPU.Build.0 = Debug|Any CPU
		{656B0AC5-4900-3A4A-6333-F51A499B3733}.Release|Any CPU.ActiveCfg = Release|Any CPU
		{656B0AC5-4900-3A4A-6333-F51A499B3733}.Release|Any CPU.Build.0 = Release|Any CPU
		{01E303D3-2572-E423-2750-94FC38C69BEB}.Debug|Any CPU.ActiveCfg = Debug|Any CPU
		{01E303D3-2572-E423-2750-94FC38C69BEB}.Debug|Any CPU.Build.0 = Debug|Any CPU
		{01E303D3-2572-E423-2750-94FC38C69BEB}.Release|Any CPU.ActiveCfg = Release|Any CPU
		{01E303D3-2572-E423-2750-94FC38C69BEB}.Release|Any CPU.Build.0 = Release|Any CPU
		{A2EB1BAD-259F-831B-EBE3-A1327D743005}.Debug|Any CPU.ActiveCfg = Debug|Any CPU
		{A2EB1BAD-259F-831B-EBE3-A1327D743005}.Debug|Any CPU.Build.0 = Debug|Any CPU
		{A2EB1BAD-259F-831B-EBE3-A1327D743005}.Release|Any CPU.ActiveCfg = Release|Any CPU
		{A2EB1BAD-259F-831B-EBE3-A1327D743005}.Release|Any CPU.Build.0 = Release|Any CPU
		{C77DEE05-D3A8-6F46-0C59-1049E3FB9FE8}.Debug|Any CPU.ActiveCfg = Debug|Any CPU
		{C77DEE05-D3A8-6F46-0C59-1049E3FB9FE8}.Debug|Any CPU.Build.0 = Debug|Any CPU
		{C77DEE05-D3A8-6F46-0C59-1049E3FB9FE8}.Release|Any CPU.ActiveCfg = Release|Any CPU
		{C77DEE05-D3A8-6F46-0C59-1049E3FB9FE8}.Release|Any CPU.Build.0 = Release|Any CPU
		{7707B76D-A539-D3D7-F12C-1958FDC528B8}.Debug|Any CPU.ActiveCfg = Debug|Any CPU
		{7707B76D-A539-D3D7-F12C-1958FDC528B8}.Debug|Any CPU.Build.0 = Debug|Any CPU
		{7707B76D-A539-D3D7-F12C-1958FDC528B8}.Release|Any CPU.ActiveCfg = Release|Any CPU
		{7707B76D-A539-D3D7-F12C-1958FDC528B8}.Release|Any CPU.Build.0 = Release|Any CPU
		{206033FD-68D7-D3B4-83E3-D671821D91C8}.Debug|Any CPU.ActiveCfg = Debug|Any CPU
		{206033FD-68D7-D3B4-83E3-D671821D91C8}.Debug|Any CPU.Build.0 = Debug|Any CPU
		{206033FD-68D7-D3B4-83E3-D671821D91C8}.Release|Any CPU.ActiveCfg = Release|Any CPU
		{206033FD-68D7-D3B4-83E3-D671821D91C8}.Release|Any CPU.Build.0 = Release|Any CPU
		{8085012E-ED48-DD8E-45BC-36169CEFC510}.Debug|Any CPU.ActiveCfg = Debug|Any CPU
		{8085012E-ED48-DD8E-45BC-36169CEFC510}.Debug|Any CPU.Build.0 = Debug|Any CPU
		{8085012E-ED48-DD8E-45BC-36169CEFC510}.Release|Any CPU.ActiveCfg = Release|Any CPU
		{8085012E-ED48-DD8E-45BC-36169CEFC510}.Release|Any CPU.Build.0 = Release|Any CPU
		{CE14EA91-197E-1346-8CD9-EB3BF214D7C3}.Debug|Any CPU.ActiveCfg = Debug|Any CPU
		{CE14EA91-197E-1346-8CD9-EB3BF214D7C3}.Debug|Any CPU.Build.0 = Debug|Any CPU
		{CE14EA91-197E-1346-8CD9-EB3BF214D7C3}.Release|Any CPU.ActiveCfg = Release|Any CPU
		{CE14EA91-197E-1346-8CD9-EB3BF214D7C3}.Release|Any CPU.Build.0 = Release|Any CPU
		{69AB271E-031D-9383-EF56-C1A3216E1DA0}.Debug|Any CPU.ActiveCfg = Debug|Any CPU
		{69AB271E-031D-9383-EF56-C1A3216E1DA0}.Debug|Any CPU.Build.0 = Debug|Any CPU
		{69AB271E-031D-9383-EF56-C1A3216E1DA0}.Release|Any CPU.ActiveCfg = Release|Any CPU
		{69AB271E-031D-9383-EF56-C1A3216E1DA0}.Release|Any CPU.Build.0 = Release|Any CPU
		{9C5CA712-E515-6BB7-F51E-C1FFA97CB419}.Debug|Any CPU.ActiveCfg = Debug|Any CPU
		{9C5CA712-E515-6BB7-F51E-C1FFA97CB419}.Debug|Any CPU.Build.0 = Debug|Any CPU
		{9C5CA712-E515-6BB7-F51E-C1FFA97CB419}.Release|Any CPU.ActiveCfg = Release|Any CPU
		{9C5CA712-E515-6BB7-F51E-C1FFA97CB419}.Release|Any CPU.Build.0 = Release|Any CPU
		{47E521F0-5C52-8035-AB37-A6EBE10641AD}.Debug|Any CPU.ActiveCfg = Debug|Any CPU
		{47E521F0-5C52-8035-AB37-A6EBE10641AD}.Debug|Any CPU.Build.0 = Debug|Any CPU
		{47E521F0-5C52-8035-AB37-A6EBE10641AD}.Release|Any CPU.ActiveCfg = Release|Any CPU
		{47E521F0-5C52-8035-AB37-A6EBE10641AD}.Release|Any CPU.Build.0 = Release|Any CPU
		{4C6136B2-BEFD-B4C2-5306-776F7B846F96}.Debug|Any CPU.ActiveCfg = Debug|Any CPU
		{4C6136B2-BEFD-B4C2-5306-776F7B846F96}.Debug|Any CPU.Build.0 = Debug|Any CPU
		{4C6136B2-BEFD-B4C2-5306-776F7B846F96}.Release|Any CPU.ActiveCfg = Release|Any CPU
		{4C6136B2-BEFD-B4C2-5306-776F7B846F96}.Release|Any CPU.Build.0 = Release|Any CPU
		{6A91AF94-F3BE-123A-536C-FC627EE0A65E}.Debug|Any CPU.ActiveCfg = Debug|Any CPU
		{6A91AF94-F3BE-123A-536C-FC627EE0A65E}.Debug|Any CPU.Build.0 = Debug|Any CPU
		{6A91AF94-F3BE-123A-536C-FC627EE0A65E}.Release|Any CPU.ActiveCfg = Release|Any CPU
		{6A91AF94-F3BE-123A-536C-FC627EE0A65E}.Release|Any CPU.Build.0 = Release|Any CPU
		{AA3AF33A-8465-C13D-F2A4-02BAC69C1709}.Debug|Any CPU.ActiveCfg = Debug|Any CPU
		{AA3AF33A-8465-C13D-F2A4-02BAC69C1709}.Debug|Any CPU.Build.0 = Debug|Any CPU
		{AA3AF33A-8465-C13D-F2A4-02BAC69C1709}.Release|Any CPU.ActiveCfg = Release|Any CPU
		{AA3AF33A-8465-C13D-F2A4-02BAC69C1709}.Release|Any CPU.Build.0 = Release|Any CPU
		{23D7F693-64E1-1FB3-F2AC-B01E5955FEB9}.Debug|Any CPU.ActiveCfg = Debug|Any CPU
		{23D7F693-64E1-1FB3-F2AC-B01E5955FEB9}.Debug|Any CPU.Build.0 = Debug|Any CPU
		{23D7F693-64E1-1FB3-F2AC-B01E5955FEB9}.Release|Any CPU.ActiveCfg = Release|Any CPU
		{23D7F693-64E1-1FB3-F2AC-B01E5955FEB9}.Release|Any CPU.Build.0 = Release|Any CPU
		{B03AC0D2-F228-711E-6ACB-FAA33460E087}.Debug|Any CPU.ActiveCfg = Debug|Any CPU
		{B03AC0D2-F228-711E-6ACB-FAA33460E087}.Debug|Any CPU.Build.0 = Debug|Any CPU
		{B03AC0D2-F228-711E-6ACB-FAA33460E087}.Release|Any CPU.ActiveCfg = Release|Any CPU
		{B03AC0D2-F228-711E-6ACB-FAA33460E087}.Release|Any CPU.Build.0 = Release|Any CPU
		{0B4C558F-2A56-20E3-2106-BD803C547010}.Debug|Any CPU.ActiveCfg = Debug|Any CPU
		{0B4C558F-2A56-20E3-2106-BD803C547010}.Debug|Any CPU.Build.0 = Debug|Any CPU
		{0B4C558F-2A56-20E3-2106-BD803C547010}.Release|Any CPU.ActiveCfg = Release|Any CPU
		{0B4C558F-2A56-20E3-2106-BD803C547010}.Release|Any CPU.Build.0 = Release|Any CPU
		{D733C11B-3AED-0520-4176-3A3CA6131EFD}.Debug|Any CPU.ActiveCfg = Debug|Any CPU
		{D733C11B-3AED-0520-4176-3A3CA6131EFD}.Debug|Any CPU.Build.0 = Debug|Any CPU
		{D733C11B-3AED-0520-4176-3A3CA6131EFD}.Release|Any CPU.ActiveCfg = Release|Any CPU
		{D733C11B-3AED-0520-4176-3A3CA6131EFD}.Release|Any CPU.Build.0 = Release|Any CPU
		{26D33F36-7A4A-6774-7F5E-73169C128F5B}.Debug|Any CPU.ActiveCfg = Debug|Any CPU
		{26D33F36-7A4A-6774-7F5E-73169C128F5B}.Debug|Any CPU.Build.0 = Debug|Any CPU
		{26D33F36-7A4A-6774-7F5E-73169C128F5B}.Release|Any CPU.ActiveCfg = Release|Any CPU
		{26D33F36-7A4A-6774-7F5E-73169C128F5B}.Release|Any CPU.Build.0 = Release|Any CPU
		{E1FA3029-2ACA-F111-6C19-B8E8B785EC12}.Debug|Any CPU.ActiveCfg = Debug|Any CPU
		{E1FA3029-2ACA-F111-6C19-B8E8B785EC12}.Debug|Any CPU.Build.0 = Debug|Any CPU
		{E1FA3029-2ACA-F111-6C19-B8E8B785EC12}.Release|Any CPU.ActiveCfg = Release|Any CPU
		{E1FA3029-2ACA-F111-6C19-B8E8B785EC12}.Release|Any CPU.Build.0 = Release|Any CPU
		{C69EFEF9-C81B-4E73-6AD3-030F6FCF3555}.Debug|Any CPU.ActiveCfg = Debug|Any CPU
		{C69EFEF9-C81B-4E73-6AD3-030F6FCF3555}.Debug|Any CPU.Build.0 = Debug|Any CPU
		{C69EFEF9-C81B-4E73-6AD3-030F6FCF3555}.Release|Any CPU.ActiveCfg = Release|Any CPU
		{C69EFEF9-C81B-4E73-6AD3-030F6FCF3555}.Release|Any CPU.Build.0 = Release|Any CPU
		{5CEA9742-CEF2-E685-0ADF-70EE2C446E8D}.Debug|Any CPU.ActiveCfg = Debug|Any CPU
		{5CEA9742-CEF2-E685-0ADF-70EE2C446E8D}.Debug|Any CPU.Build.0 = Debug|Any CPU
		{5CEA9742-CEF2-E685-0ADF-70EE2C446E8D}.Release|Any CPU.ActiveCfg = Release|Any CPU
		{5CEA9742-CEF2-E685-0ADF-70EE2C446E8D}.Release|Any CPU.Build.0 = Release|Any CPU
		{28457526-240A-67D1-5B24-AE3085B84FE9}.Debug|Any CPU.ActiveCfg = Debug|Any CPU
		{28457526-240A-67D1-5B24-AE3085B84FE9}.Debug|Any CPU.Build.0 = Debug|Any CPU
		{28457526-240A-67D1-5B24-AE3085B84FE9}.Release|Any CPU.ActiveCfg = Release|Any CPU
		{28457526-240A-67D1-5B24-AE3085B84FE9}.Release|Any CPU.Build.0 = Release|Any CPU
		{D330B901-A019-5DDE-FB01-DAC513E3A8C9}.Debug|Any CPU.ActiveCfg = Debug|Any CPU
		{D330B901-A019-5DDE-FB01-DAC513E3A8C9}.Debug|Any CPU.Build.0 = Debug|Any CPU
		{D330B901-A019-5DDE-FB01-DAC513E3A8C9}.Release|Any CPU.ActiveCfg = Release|Any CPU
		{D330B901-A019-5DDE-FB01-DAC513E3A8C9}.Release|Any CPU.Build.0 = Release|Any CPU
		{21E08E0F-5E4B-A7D1-8DA5-1A613DCC9AF5}.Debug|Any CPU.ActiveCfg = Debug|Any CPU
		{21E08E0F-5E4B-A7D1-8DA5-1A613DCC9AF5}.Debug|Any CPU.Build.0 = Debug|Any CPU
		{21E08E0F-5E4B-A7D1-8DA5-1A613DCC9AF5}.Release|Any CPU.ActiveCfg = Release|Any CPU
		{21E08E0F-5E4B-A7D1-8DA5-1A613DCC9AF5}.Release|Any CPU.Build.0 = Release|Any CPU
		{217E66A6-0589-3F83-BF68-3EB46D1F7105}.Debug|Any CPU.ActiveCfg = Debug|Any CPU
		{217E66A6-0589-3F83-BF68-3EB46D1F7105}.Debug|Any CPU.Build.0 = Debug|Any CPU
		{217E66A6-0589-3F83-BF68-3EB46D1F7105}.Release|Any CPU.ActiveCfg = Release|Any CPU
		{217E66A6-0589-3F83-BF68-3EB46D1F7105}.Release|Any CPU.Build.0 = Release|Any CPU
		{8BD5F58B-EBDF-74FB-5CEE-AC0B2624A425}.Debug|Any CPU.ActiveCfg = Debug|Any CPU
		{8BD5F58B-EBDF-74FB-5CEE-AC0B2624A425}.Debug|Any CPU.Build.0 = Debug|Any CPU
		{8BD5F58B-EBDF-74FB-5CEE-AC0B2624A425}.Release|Any CPU.ActiveCfg = Release|Any CPU
		{8BD5F58B-EBDF-74FB-5CEE-AC0B2624A425}.Release|Any CPU.Build.0 = Release|Any CPU
		{79CB4328-F8C4-25E4-52AC-F6A123DE2FEA}.Debug|Any CPU.ActiveCfg = Debug|Any CPU
		{79CB4328-F8C4-25E4-52AC-F6A123DE2FEA}.Debug|Any CPU.Build.0 = Debug|Any CPU
		{79CB4328-F8C4-25E4-52AC-F6A123DE2FEA}.Release|Any CPU.ActiveCfg = Release|Any CPU
		{79CB4328-F8C4-25E4-52AC-F6A123DE2FEA}.Release|Any CPU.Build.0 = Release|Any CPU
		{580753B8-56C2-18C8-2676-B0583721C4CF}.Debug|Any CPU.ActiveCfg = Debug|Any CPU
		{580753B8-56C2-18C8-2676-B0583721C4CF}.Debug|Any CPU.Build.0 = Debug|Any CPU
		{580753B8-56C2-18C8-2676-B0583721C4CF}.Release|Any CPU.ActiveCfg = Release|Any CPU
		{580753B8-56C2-18C8-2676-B0583721C4CF}.Release|Any CPU.Build.0 = Release|Any CPU
		{04CCC702-2F02-592E-1769-52C8BE5BFD94}.Debug|Any CPU.ActiveCfg = Debug|Any CPU
		{04CCC702-2F02-592E-1769-52C8BE5BFD94}.Debug|Any CPU.Build.0 = Debug|Any CPU
		{04CCC702-2F02-592E-1769-52C8BE5BFD94}.Release|Any CPU.ActiveCfg = Release|Any CPU
		{04CCC702-2F02-592E-1769-52C8BE5BFD94}.Release|Any CPU.Build.0 = Release|Any CPU
		{CBE7D3E7-68F0-90B4-1182-204CC44D9C79}.Debug|Any CPU.ActiveCfg = Debug|Any CPU
		{CBE7D3E7-68F0-90B4-1182-204CC44D9C79}.Debug|Any CPU.Build.0 = Debug|Any CPU
		{CBE7D3E7-68F0-90B4-1182-204CC44D9C79}.Release|Any CPU.ActiveCfg = Release|Any CPU
		{CBE7D3E7-68F0-90B4-1182-204CC44D9C79}.Release|Any CPU.Build.0 = Release|Any CPU
		{337B0E14-6F00-543A-E069-16E50F0BBFA6}.Debug|Any CPU.ActiveCfg = Debug|Any CPU
		{337B0E14-6F00-543A-E069-16E50F0BBFA6}.Debug|Any CPU.Build.0 = Debug|Any CPU
		{337B0E14-6F00-543A-E069-16E50F0BBFA6}.Release|Any CPU.ActiveCfg = Release|Any CPU
		{337B0E14-6F00-543A-E069-16E50F0BBFA6}.Release|Any CPU.Build.0 = Release|Any CPU
		{B6FFC4B9-F572-2655-3552-5609FE33EF90}.Debug|Any CPU.ActiveCfg = Debug|Any CPU
		{B6FFC4B9-F572-2655-3552-5609FE33EF90}.Debug|Any CPU.Build.0 = Debug|Any CPU
		{B6FFC4B9-F572-2655-3552-5609FE33EF90}.Release|Any CPU.ActiveCfg = Release|Any CPU
		{B6FFC4B9-F572-2655-3552-5609FE33EF90}.Release|Any CPU.Build.0 = Release|Any CPU
		{145D845C-CF81-E429-8A00-2BD05C7B4C68}.Debug|Any CPU.ActiveCfg = Debug|Any CPU
		{145D845C-CF81-E429-8A00-2BD05C7B4C68}.Debug|Any CPU.Build.0 = Debug|Any CPU
		{145D845C-CF81-E429-8A00-2BD05C7B4C68}.Release|Any CPU.ActiveCfg = Release|Any CPU
		{145D845C-CF81-E429-8A00-2BD05C7B4C68}.Release|Any CPU.Build.0 = Release|Any CPU
		{4E768BA0-4884-DC26-1BAB-8B07463206F2}.Debug|Any CPU.ActiveCfg = Debug|Any CPU
		{4E768BA0-4884-DC26-1BAB-8B07463206F2}.Debug|Any CPU.Build.0 = Debug|Any CPU
		{4E768BA0-4884-DC26-1BAB-8B07463206F2}.Release|Any CPU.ActiveCfg = Release|Any CPU
		{4E768BA0-4884-DC26-1BAB-8B07463206F2}.Release|Any CPU.Build.0 = Release|Any CPU
		{54D02551-766A-1708-A265-7257949CA47F}.Debug|Any CPU.ActiveCfg = Debug|Any CPU
		{54D02551-766A-1708-A265-7257949CA47F}.Debug|Any CPU.Build.0 = Debug|Any CPU
		{54D02551-766A-1708-A265-7257949CA47F}.Release|Any CPU.ActiveCfg = Release|Any CPU
		{54D02551-766A-1708-A265-7257949CA47F}.Release|Any CPU.Build.0 = Release|Any CPU
		{0220E054-5EA1-6EC1-8AAC-D48A97A7F82C}.Debug|Any CPU.ActiveCfg = Debug|Any CPU
		{0220E054-5EA1-6EC1-8AAC-D48A97A7F82C}.Debug|Any CPU.Build.0 = Debug|Any CPU
		{0220E054-5EA1-6EC1-8AAC-D48A97A7F82C}.Release|Any CPU.ActiveCfg = Release|Any CPU
		{0220E054-5EA1-6EC1-8AAC-D48A97A7F82C}.Release|Any CPU.Build.0 = Release|Any CPU
		{49D1E67B-5AF0-C664-8511-9B12568EE377}.Debug|Any CPU.ActiveCfg = Debug|Any CPU
		{49D1E67B-5AF0-C664-8511-9B12568EE377}.Debug|Any CPU.Build.0 = Debug|Any CPU
		{49D1E67B-5AF0-C664-8511-9B12568EE377}.Release|Any CPU.ActiveCfg = Release|Any CPU
		{49D1E67B-5AF0-C664-8511-9B12568EE377}.Release|Any CPU.Build.0 = Release|Any CPU
		{6BB0B120-A4A3-6780-19C7-B9BADADB7BA3}.Debug|Any CPU.ActiveCfg = Debug|Any CPU
		{6BB0B120-A4A3-6780-19C7-B9BADADB7BA3}.Debug|Any CPU.Build.0 = Debug|Any CPU
		{6BB0B120-A4A3-6780-19C7-B9BADADB7BA3}.Release|Any CPU.ActiveCfg = Release|Any CPU
		{6BB0B120-A4A3-6780-19C7-B9BADADB7BA3}.Release|Any CPU.Build.0 = Release|Any CPU
		{86C852BA-0569-9AF9-663B-3E03E02A00D7}.Debug|Any CPU.ActiveCfg = Debug|Any CPU
		{86C852BA-0569-9AF9-663B-3E03E02A00D7}.Debug|Any CPU.Build.0 = Debug|Any CPU
		{86C852BA-0569-9AF9-663B-3E03E02A00D7}.Release|Any CPU.ActiveCfg = Release|Any CPU
		{86C852BA-0569-9AF9-663B-3E03E02A00D7}.Release|Any CPU.Build.0 = Release|Any CPU
		{394957C2-ADA4-68D3-812D-E0B0460C4BA8}.Debug|Any CPU.ActiveCfg = Debug|Any CPU
		{394957C2-ADA4-68D3-812D-E0B0460C4BA8}.Debug|Any CPU.Build.0 = Debug|Any CPU
		{394957C2-ADA4-68D3-812D-E0B0460C4BA8}.Release|Any CPU.ActiveCfg = Release|Any CPU
		{394957C2-ADA4-68D3-812D-E0B0460C4BA8}.Release|Any CPU.Build.0 = Release|Any CPU
		{35CE0758-0CF6-8AE2-4822-9ADEE1513D77}.Debug|Any CPU.ActiveCfg = Debug|Any CPU
		{35CE0758-0CF6-8AE2-4822-9ADEE1513D77}.Debug|Any CPU.Build.0 = Debug|Any CPU
		{35CE0758-0CF6-8AE2-4822-9ADEE1513D77}.Release|Any CPU.ActiveCfg = Release|Any CPU
		{35CE0758-0CF6-8AE2-4822-9ADEE1513D77}.Release|Any CPU.Build.0 = Release|Any CPU
		{484B6E13-AFCE-9480-E08E-A7E3356A5A78}.Debug|Any CPU.ActiveCfg = Debug|Any CPU
		{484B6E13-AFCE-9480-E08E-A7E3356A5A78}.Debug|Any CPU.Build.0 = Debug|Any CPU
		{484B6E13-AFCE-9480-E08E-A7E3356A5A78}.Release|Any CPU.ActiveCfg = Release|Any CPU
		{484B6E13-AFCE-9480-E08E-A7E3356A5A78}.Release|Any CPU.Build.0 = Release|Any CPU
		{E54A30C1-2486-CFA9-5E10-8409E2576E6E}.Debug|Any CPU.ActiveCfg = Debug|Any CPU
		{E54A30C1-2486-CFA9-5E10-8409E2576E6E}.Debug|Any CPU.Build.0 = Debug|Any CPU
		{E54A30C1-2486-CFA9-5E10-8409E2576E6E}.Release|Any CPU.ActiveCfg = Release|Any CPU
		{E54A30C1-2486-CFA9-5E10-8409E2576E6E}.Release|Any CPU.Build.0 = Release|Any CPU
		{36ED4A77-F9F1-39FD-9C53-25EB19861921}.Debug|Any CPU.ActiveCfg = Debug|Any CPU
		{36ED4A77-F9F1-39FD-9C53-25EB19861921}.Debug|Any CPU.Build.0 = Debug|Any CPU
		{36ED4A77-F9F1-39FD-9C53-25EB19861921}.Release|Any CPU.ActiveCfg = Release|Any CPU
		{36ED4A77-F9F1-39FD-9C53-25EB19861921}.Release|Any CPU.Build.0 = Release|Any CPU
	EndGlobalSection
	GlobalSection(SolutionProperties) = preSolution
		HideSolutionNode = FALSE
	EndGlobalSection
EndGlobal
