
Microsoft Visual Studio Solution File, Format Version 12.00
# Visual Studio 15
Project("{FAE04EC0-301F-11D3-BF4B-00C04F79EFBC}") = "UnityEngine.TestRunner", "UnityEngine.TestRunner.csproj", "{7F72844D-D73D-146C-91A1-B2C0D81EE4F5}"
EndProject
Project("{FAE04EC0-301F-11D3-BF4B-00C04F79EFBC}") = "Unity.Mathematics", "Unity.Mathematics.csproj", "{E8C94471-1D13-F28D-4EE5-9B34AFD155CE}"
EndProject
Project("{FAE04EC0-301F-11D3-BF4B-00C04F79EFBC}") = "Unity.2D.Animation.Triangle.Runtime", "Unity.2D.Animation.Triangle.Runtime.csproj", "{28007034-C80E-A689-0890-76410F7AA4F6}"
EndProject
Project("{FAE04EC0-301F-11D3-BF4B-00C04F79EFBC}") = "Unity.Timeline", "Unity.Timeline.csproj", "{A2101D54-7CEC-8080-BBF5-9DC3A00730AB}"
EndProject
Project("{FAE04EC0-301F-11D3-BF4B-00C04F79EFBC}") = "Assembly-CSharp", "Assembly-CSharp.csproj", "{672F5E11-00D1-D63A-2A3F-60BACE04DC2F}"
EndProject
Project("{FAE04EC0-301F-11D3-BF4B-00C04F79EFBC}") = "UnityEngine.UI", "UnityEngine.UI.csproj", "{85BA0026-7849-4E11-9D18-30767EA36014}"
EndProject
Project("{FAE04EC0-301F-11D3-BF4B-00C04F79EFBC}") = "Unity.TextMeshPro", "Unity.TextMeshPro.csproj", "{DE4014A1-9343-413F-2D62-3142ABAE3070}"
EndProject
Project("{FAE04EC0-301F-11D3-BF4B-00C04F79EFBC}") = "Unity.2D.Animation.Runtime", "Unity.2D.Animation.Runtime.csproj", "{689115B1-FD5C-00D6-A704-39D5122AA139}"
EndProject
Project("{FAE04EC0-301F-11D3-BF4B-00C04F79EFBC}") = "Unity.2D.IK.Runtime", "Unity.2D.IK.Runtime.csproj", "{0F0B25A4-A606-C9F6-D2CA-8ABE69353608}"
EndProject
Project("{FAE04EC0-301F-11D3-BF4B-00C04F79EFBC}") = "Unity.2D.SpriteShape.Runtime", "Unity.2D.SpriteShape.Runtime.csproj", "{659A8B49-C195-2780-E81F-8ACFBB8FF003}"
EndProject
Project("{FAE04EC0-301F-11D3-BF4B-00C04F79EFBC}") = "Unity.2D.PixelPerfect", "Unity.2D.PixelPerfect.csproj", "{B0FC1E5F-D7DF-F8E4-70C0-6B90AA5B8BC5}"
EndProject
Project("{FAE04EC0-301F-11D3-BF4B-00C04F79EFBC}") = "Unity.2D.Common.Runtime", "Unity.2D.Common.Runtime.csproj", "{20634359-715A-FE28-90E7-537FB80FC061}"
EndProject
Project("{FAE04EC0-301F-11D3-BF4B-00C04F79EFBC}") = "Unity.InternalAPIEngineBridge.001", "Unity.InternalAPIEngineBridge.001.csproj", "{289145F8-A2C6-2446-732B-31D35759D106}"
EndProject
Project("{FAE04EC0-301F-11D3-BF4B-00C04F79EFBC}") = "Cinemachine", "Cinemachine.csproj", "{5253CBCE-511E-1464-8776-095D2EFC2F58}"
EndProject
Project("{FAE04EC0-301F-11D3-BF4B-00C04F79EFBC}") = "UnityEditor.TestRunner", "UnityEditor.TestRunner.csproj", "{84CA581E-F382-3868-6150-EF1B529495DE}"
EndProject
Project("{FAE04EC0-301F-11D3-BF4B-00C04F79EFBC}") = "Unity.PlasticSCM.Editor", "Unity.PlasticSCM.Editor.csproj", "{BAAC2C58-A2F8-13AA-F502-8C0591D81864}"
EndProject
Project("{FAE04EC0-301F-11D3-BF4B-00C04F79EFBC}") = "UnityEditor.UI", "UnityEditor.UI.csproj", "{BB5586FE-3AB9-1B7A-EBA5-DBB03972109C}"
EndProject
Project("{FAE04EC0-301F-11D3-BF4B-00C04F79EFBC}") = "Unity.Services.Core.Editor", "Unity.Services.Core.Editor.csproj", "{5EC59BD8-5BD5-B830-030F-2A281C2E7766}"
EndProject
Project("{FAE04EC0-301F-11D3-BF4B-00C04F79EFBC}") = "Unity.Timeline.Editor", "Unity.Timeline.Editor.csproj", "{07AA167E-7FED-0538-EADE-0FCDA8859754}"
EndProject
Project("{FAE04EC0-301F-11D3-BF4B-00C04F79EFBC}") = "Unity.VisualStudio.Editor", "Unity.VisualStudio.Editor.csproj", "{BB4F76F3-D556-061A-20A3-3BC5E6797091}"
EndProject
Project("{FAE04EC0-301F-11D3-BF4B-00C04F79EFBC}") = "Unity.2D.Psdimporter.Editor", "Unity.2D.Psdimporter.Editor.csproj", "{AEC896DB-F26E-8A9A-4FB9-75A6DD59560A}"
EndProject
Project("{FAE04EC0-301F-11D3-BF4B-00C04F79EFBC}") = "Unity.2D.Animation.Editor", "Unity.2D.Animation.Editor.csproj", "{D5763AEE-6AF3-603F-48BC-D4F0CDADE615}"
EndProject
Project("{FAE04EC0-301F-11D3-BF4B-00C04F79EFBC}") = "Unity.TextMeshPro.Editor", "Unity.TextMeshPro.Editor.csproj", "{3019B726-DB69-3ACF-6868-1FD706A059EC}"
EndProject
Project("{FAE04EC0-301F-11D3-BF4B-00C04F79EFBC}") = "Unity.2D.SpriteShape.Editor", "Unity.2D.SpriteShape.Editor.csproj", "{43910AA1-183A-4C34-1088-CEE6C206820F}"
EndProject
Project("{FAE04EC0-301F-11D3-BF4B-00C04F79EFBC}") = "Unity.CollabProxy.Editor", "Unity.CollabProxy.Editor.csproj", "{86D60F0C-4792-6BD4-9873-443438C42BFC}"
EndProject
Project("{FAE04EC0-301F-11D3-BF4B-00C04F79EFBC}") = "PsdPlugin", "PsdPlugin.csproj", "{0F97A1B5-B552-7A7A-1740-91057C1721B0}"
EndProject
Project("{FAE04EC0-301F-11D3-BF4B-00C04F79EFBC}") = "Unity.2D.Path.Editor", "Unity.2D.Path.Editor.csproj", "{A784624F-AD23-6AF0-3686-E1DA66C33384}"
EndProject
Project("{FAE04EC0-301F-11D3-BF4B-00C04F79EFBC}") = "Unity.Rider.Editor", "Unity.Rider.Editor.csproj", "{7BFDA7D0-313B-28DE-9841-B20ACD1B05F1}"
EndProject
Project("{FAE04EC0-301F-11D3-BF4B-00C04F79EFBC}") = "Unity.2D.IK.Editor", "Unity.2D.IK.Editor.csproj", "{DC9A7002-FB47-84F4-C9A8-B8371453A826}"
EndProject
Project("{FAE04EC0-301F-11D3-BF4B-00C04F79EFBC}") = "Unity.2D.Sprite.Editor", "Unity.2D.Sprite.Editor.csproj", "{2DEC0AE5-3002-8762-882D-E442145D1233}"
EndProject
Project("{FAE04EC0-301F-11D3-BF4B-00C04F79EFBC}") = "Unity.2D.Tilemap.Editor", "Unity.2D.Tilemap.Editor.csproj", "{B946DA66-A154-1498-F21D-633E339C70EA}"
EndProject
Project("{FAE04EC0-301F-11D3-BF4B-00C04F79EFBC}") = "Unity.2D.PixelPerfect.Editor", "Unity.2D.PixelPerfect.Editor.csproj", "{1E54F46B-CA19-2AFD-FC4E-3BB6AFE4984A}"
EndProject
Project("{FAE04EC0-301F-11D3-BF4B-00C04F79EFBC}") = "Unity.VSCode.Editor", "Unity.VSCode.Editor.csproj", "{3EFB034B-0F4F-74C7-E8D2-4F2BFC912B7A}"
EndProject
Project("{FAE04EC0-301F-11D3-BF4B-00C04F79EFBC}") = "Unity.2D.Common.Editor", "Unity.2D.Common.Editor.csproj", "{F6BCD1C5-BB26-BF60-01A3-F130052400FC}"
EndProject
Project("{FAE04EC0-301F-11D3-BF4B-00C04F79EFBC}") = "Unity.Mathematics.Editor", "Unity.Mathematics.Editor.csproj", "{81BF4C5C-DF55-92BC-FBCF-39EDB57F6E10}"
EndProject
Project("{FAE04EC0-301F-11D3-BF4B-00C04F79EFBC}") = "Unity.InternalAPIEditorBridge.001", "Unity.InternalAPIEditorBridge.001.csproj", "{D6413933-B6DD-A7F6-94FA-8D20C145CFCA}"
EndProject
Project("{FAE04EC0-301F-11D3-BF4B-00C04F79EFBC}") = "com.unity.cinemachine.editor", "com.unity.cinemachine.editor.csproj", "{253456AD-55B5-1017-5507-A37F18C72274}"
EndProject
Project("{FAE04EC0-301F-11D3-BF4B-00C04F79EFBC}") = "UnityEngine.TestRunner", "UnityEngine.TestRunner.Player.csproj", "{20300E33-3C6A-D513-589C-4BF16F3C3D48}"
EndProject
Project("{FAE04EC0-301F-11D3-BF4B-00C04F79EFBC}") = "Unity.Mathematics", "Unity.Mathematics.Player.csproj", "{4D7A56DD-4440-DEF3-7116-3BC8628594A2}"
EndProject
Project("{FAE04EC0-301F-11D3-BF4B-00C04F79EFBC}") = "Unity.2D.Animation.Triangle.Runtime", "Unity.2D.Animation.Triangle.Runtime.Player.csproj", "{4AC3E2B0-46D4-293F-133B-A43C81C9159A}"
EndProject
Project("{FAE04EC0-301F-11D3-BF4B-00C04F79EFBC}") = "Unity.Timeline", "Unity.Timeline.Player.csproj", "{6A303DEB-485B-7F5E-67A3-BEE5281D141B}"
EndProject
Project("{FAE04EC0-301F-11D3-BF4B-00C04F79EFBC}") = "Assembly-CSharp", "Assembly-CSharp.Player.csproj", "{783C250B-7185-DFD3-BF4B-4E41597C8C33}"
EndProject
Project("{FAE04EC0-301F-11D3-BF4B-00C04F79EFBC}") = "UnityEngine.UI", "UnityEngine.UI.Player.csproj", "{AEDB92D7-5CD4-35F4-1ED0-15E4E501C686}"
EndProject
Project("{FAE04EC0-301F-11D3-BF4B-00C04F79EFBC}") = "Unity.TextMeshPro", "Unity.TextMeshPro.Player.csproj", "{2F06A6B4-B667-1129-3E74-167F3EF7F878}"
EndProject
Project("{FAE04EC0-301F-11D3-BF4B-00C04F79EFBC}") = "Unity.2D.Animation.Runtime", "Unity.2D.Animation.Runtime.Player.csproj", "{552A74C2-4DA0-1E2B-A6AC-CF16553E0742}"
EndProject
Project("{FAE04EC0-301F-11D3-BF4B-00C04F79EFBC}") = "Unity.2D.IK.Runtime", "Unity.2D.IK.Runtime.Player.csproj", "{7BAE08DD-444D-A8C3-1179-04F6C6E3C22C}"
EndProject
Project("{FAE04EC0-301F-11D3-BF4B-00C04F79EFBC}") = "Unity.2D.SpriteShape.Runtime", "Unity.2D.SpriteShape.Runtime.Player.csproj", "{B4C2FE72-71F2-FB45-71E8-DF9AAEF04F8A}"
EndProject
Project("{FAE04EC0-301F-11D3-BF4B-00C04F79EFBC}") = "Unity.2D.PixelPerfect", "Unity.2D.PixelPerfect.Player.csproj", "{DAC63A44-157A-0AF8-4D5F-F409B2FF2706}"
EndProject
Project("{FAE04EC0-301F-11D3-BF4B-00C04F79EFBC}") = "Unity.2D.Common.Runtime", "Unity.2D.Common.Runtime.Player.csproj", "{4A4519AA-8099-58A4-357B-F10BEAE60C67}"
EndProject
Project("{FAE04EC0-301F-11D3-BF4B-00C04F79EFBC}") = "Unity.InternalAPIEngineBridge.001", "Unity.InternalAPIEngineBridge.001.Player.csproj", "{A8662506-7407-4A34-1619-37441887D7B5}"
EndProject
Project("{FAE04EC0-301F-11D3-BF4B-00C04F79EFBC}") = "Cinemachine", "Cinemachine.Player.csproj", "{AB82A0B5-E72F-8211-E577-99CFA656AFF3}"
EndProject
Global
	GlobalSection(SolutionConfigurationPlatforms) = preSolution
		Debug|Any CPU = Debug|Any CPU
		Release|Any CPU = Release|Any CPU
	EndGlobalSection
	GlobalSection(ProjectConfigurationPlatforms) = postSolution
		{7F72844D-D73D-146C-91A1-B2C0D81EE4F5}.Debug|Any CPU.ActiveCfg = Debug|Any CPU
		{7F72844D-D73D-146C-91A1-B2C0D81EE4F5}.Debug|Any CPU.Build.0 = Debug|Any CPU
		{7F72844D-D73D-146C-91A1-B2C0D81EE4F5}.Release|Any CPU.ActiveCfg = Release|Any CPU
		{7F72844D-D73D-146C-91A1-B2C0D81EE4F5}.Release|Any CPU.Build.0 = Release|Any CPU
		{E8C94471-1D13-F28D-4EE5-9B34AFD155CE}.Debug|Any CPU.ActiveCfg = Debug|Any CPU
		{E8C94471-1D13-F28D-4EE5-9B34AFD155CE}.Debug|Any CPU.Build.0 = Debug|Any CPU
		{E8C94471-1D13-F28D-4EE5-9B34AFD155CE}.Release|Any CPU.ActiveCfg = Release|Any CPU
		{E8C94471-1D13-F28D-4EE5-9B34AFD155CE}.Release|Any CPU.Build.0 = Release|Any CPU
		{28007034-C80E-A689-0890-76410F7AA4F6}.Debug|Any CPU.ActiveCfg = Debug|Any CPU
		{28007034-C80E-A689-0890-76410F7AA4F6}.Debug|Any CPU.Build.0 = Debug|Any CPU
		{28007034-C80E-A689-0890-76410F7AA4F6}.Release|Any CPU.ActiveCfg = Release|Any CPU
		{28007034-C80E-A689-0890-76410F7AA4F6}.Release|Any CPU.Build.0 = Release|Any CPU
		{A2101D54-7CEC-8080-BBF5-9DC3A00730AB}.Debug|Any CPU.ActiveCfg = Debug|Any CPU
		{A2101D54-7CEC-8080-BBF5-9DC3A00730AB}.Debug|Any CPU.Build.0 = Debug|Any CPU
		{A2101D54-7CEC-8080-BBF5-9DC3A00730AB}.Release|Any CPU.ActiveCfg = Release|Any CPU
		{A2101D54-7CEC-8080-BBF5-9DC3A00730AB}.Release|Any CPU.Build.0 = Release|Any CPU
		{672F5E11-00D1-D63A-2A3F-60BACE04DC2F}.Debug|Any CPU.ActiveCfg = Debug|Any CPU
		{672F5E11-00D1-D63A-2A3F-60BACE04DC2F}.Debug|Any CPU.Build.0 = Debug|Any CPU
		{672F5E11-00D1-D63A-2A3F-60BACE04DC2F}.Release|Any CPU.ActiveCfg = Release|Any CPU
		{672F5E11-00D1-D63A-2A3F-60BACE04DC2F}.Release|Any CPU.Build.0 = Release|Any CPU
		{85BA0026-7849-4E11-9D18-30767EA36014}.Debug|Any CPU.ActiveCfg = Debug|Any CPU
		{85BA0026-7849-4E11-9D18-30767EA36014}.Debug|Any CPU.Build.0 = Debug|Any CPU
		{85BA0026-7849-4E11-9D18-30767EA36014}.Release|Any CPU.ActiveCfg = Release|Any CPU
		{85BA0026-7849-4E11-9D18-30767EA36014}.Release|Any CPU.Build.0 = Release|Any CPU
		{DE4014A1-9343-413F-2D62-3142ABAE3070}.Debug|Any CPU.ActiveCfg = Debug|Any CPU
		{DE4014A1-9343-413F-2D62-3142ABAE3070}.Debug|Any CPU.Build.0 = Debug|Any CPU
		{DE4014A1-9343-413F-2D62-3142ABAE3070}.Release|Any CPU.ActiveCfg = Release|Any CPU
		{DE4014A1-9343-413F-2D62-3142ABAE3070}.Release|Any CPU.Build.0 = Release|Any CPU
		{689115B1-FD5C-00D6-A704-39D5122AA139}.Debug|Any CPU.ActiveCfg = Debug|Any CPU
		{689115B1-FD5C-00D6-A704-39D5122AA139}.Debug|Any CPU.Build.0 = Debug|Any CPU
		{689115B1-FD5C-00D6-A704-39D5122AA139}.Release|Any CPU.ActiveCfg = Release|Any CPU
		{689115B1-FD5C-00D6-A704-39D5122AA139}.Release|Any CPU.Build.0 = Release|Any CPU
		{0F0B25A4-A606-C9F6-D2CA-8ABE69353608}.Debug|Any CPU.ActiveCfg = Debug|Any CPU
		{0F0B25A4-A606-C9F6-D2CA-8ABE69353608}.Debug|Any CPU.Build.0 = Debug|Any CPU
		{0F0B25A4-A606-C9F6-D2CA-8ABE69353608}.Release|Any CPU.ActiveCfg = Release|Any CPU
		{0F0B25A4-A606-C9F6-D2CA-8ABE69353608}.Release|Any CPU.Build.0 = Release|Any CPU
		{659A8B49-C195-2780-E81F-8ACFBB8FF003}.Debug|Any CPU.ActiveCfg = Debug|Any CPU
		{659A8B49-C195-2780-E81F-8ACFBB8FF003}.Debug|Any CPU.Build.0 = Debug|Any CPU
		{659A8B49-C195-2780-E81F-8ACFBB8FF003}.Release|Any CPU.ActiveCfg = Release|Any CPU
		{659A8B49-C195-2780-E81F-8ACFBB8FF003}.Release|Any CPU.Build.0 = Release|Any CPU
		{B0FC1E5F-D7DF-F8E4-70C0-6B90AA5B8BC5}.Debug|Any CPU.ActiveCfg = Debug|Any CPU
		{B0FC1E5F-D7DF-F8E4-70C0-6B90AA5B8BC5}.Debug|Any CPU.Build.0 = Debug|Any CPU
		{B0FC1E5F-D7DF-F8E4-70C0-6B90AA5B8BC5}.Release|Any CPU.ActiveCfg = Release|Any CPU
		{B0FC1E5F-D7DF-F8E4-70C0-6B90AA5B8BC5}.Release|Any CPU.Build.0 = Release|Any CPU
		{20634359-715A-FE28-90E7-537FB80FC061}.Debug|Any CPU.ActiveCfg = Debug|Any CPU
		{20634359-715A-FE28-90E7-537FB80FC061}.Debug|Any CPU.Build.0 = Debug|Any CPU
		{20634359-715A-FE28-90E7-537FB80FC061}.Release|Any CPU.ActiveCfg = Release|Any CPU
		{20634359-715A-FE28-90E7-537FB80FC061}.Release|Any CPU.Build.0 = Release|Any CPU
		{289145F8-A2C6-2446-732B-31D35759D106}.Debug|Any CPU.ActiveCfg = Debug|Any CPU
		{289145F8-A2C6-2446-732B-31D35759D106}.Debug|Any CPU.Build.0 = Debug|Any CPU
		{289145F8-A2C6-2446-732B-31D35759D106}.Release|Any CPU.ActiveCfg = Release|Any CPU
		{289145F8-A2C6-2446-732B-31D35759D106}.Release|Any CPU.Build.0 = Release|Any CPU
		{5253CBCE-511E-1464-8776-095D2EFC2F58}.Debug|Any CPU.ActiveCfg = Debug|Any CPU
		{5253CBCE-511E-1464-8776-095D2EFC2F58}.Debug|Any CPU.Build.0 = Debug|Any CPU
		{5253CBCE-511E-1464-8776-095D2EFC2F58}.Release|Any CPU.ActiveCfg = Release|Any CPU
		{5253CBCE-511E-1464-8776-095D2EFC2F58}.Release|Any CPU.Build.0 = Release|Any CPU
		{84CA581E-F382-3868-6150-EF1B529495DE}.Debug|Any CPU.ActiveCfg = Debug|Any CPU
		{84CA581E-F382-3868-6150-EF1B529495DE}.Debug|Any CPU.Build.0 = Debug|Any CPU
		{84CA581E-F382-3868-6150-EF1B529495DE}.Release|Any CPU.ActiveCfg = Release|Any CPU
		{84CA581E-F382-3868-6150-EF1B529495DE}.Release|Any CPU.Build.0 = Release|Any CPU
		{BAAC2C58-A2F8-13AA-F502-8C0591D81864}.Debug|Any CPU.ActiveCfg = Debug|Any CPU
		{BAAC2C58-A2F8-13AA-F502-8C0591D81864}.Debug|Any CPU.Build.0 = Debug|Any CPU
		{BAAC2C58-A2F8-13AA-F502-8C0591D81864}.Release|Any CPU.ActiveCfg = Release|Any CPU
		{BAAC2C58-A2F8-13AA-F502-8C0591D81864}.Release|Any CPU.Build.0 = Release|Any CPU
		{BB5586FE-3AB9-1B7A-EBA5-DBB03972109C}.Debug|Any CPU.ActiveCfg = Debug|Any CPU
		{BB5586FE-3AB9-1B7A-EBA5-DBB03972109C}.Debug|Any CPU.Build.0 = Debug|Any CPU
		{BB5586FE-3AB9-1B7A-EBA5-DBB03972109C}.Release|Any CPU.ActiveCfg = Release|Any CPU
		{BB5586FE-3AB9-1B7A-EBA5-DBB03972109C}.Release|Any CPU.Build.0 = Release|Any CPU
		{5EC59BD8-5BD5-B830-030F-2A281C2E7766}.Debug|Any CPU.ActiveCfg = Debug|Any CPU
		{5EC59BD8-5BD5-B830-030F-2A281C2E7766}.Debug|Any CPU.Build.0 = Debug|Any CPU
		{5EC59BD8-5BD5-B830-030F-2A281C2E7766}.Release|Any CPU.ActiveCfg = Release|Any CPU
		{5EC59BD8-5BD5-B830-030F-2A281C2E7766}.Release|Any CPU.Build.0 = Release|Any CPU
		{07AA167E-7FED-0538-EADE-0FCDA8859754}.Debug|Any CPU.ActiveCfg = Debug|Any CPU
		{07AA167E-7FED-0538-EADE-0FCDA8859754}.Debug|Any CPU.Build.0 = Debug|Any CPU
		{07AA167E-7FED-0538-EADE-0FCDA8859754}.Release|Any CPU.ActiveCfg = Release|Any CPU
		{07AA167E-7FED-0538-EADE-0FCDA8859754}.Release|Any CPU.Build.0 = Release|Any CPU
		{BB4F76F3-D556-061A-20A3-3BC5E6797091}.Debug|Any CPU.ActiveCfg = Debug|Any CPU
		{BB4F76F3-D556-061A-20A3-3BC5E6797091}.Debug|Any CPU.Build.0 = Debug|Any CPU
		{BB4F76F3-D556-061A-20A3-3BC5E6797091}.Release|Any CPU.ActiveCfg = Release|Any CPU
		{BB4F76F3-D556-061A-20A3-3BC5E6797091}.Release|Any CPU.Build.0 = Release|Any CPU
		{AEC896DB-F26E-8A9A-4FB9-75A6DD59560A}.Debug|Any CPU.ActiveCfg = Debug|Any CPU
		{AEC896DB-F26E-8A9A-4FB9-75A6DD59560A}.Debug|Any CPU.Build.0 = Debug|Any CPU
		{AEC896DB-F26E-8A9A-4FB9-75A6DD59560A}.Release|Any CPU.ActiveCfg = Release|Any CPU
		{AEC896DB-F26E-8A9A-4FB9-75A6DD59560A}.Release|Any CPU.Build.0 = Release|Any CPU
		{D5763AEE-6AF3-603F-48BC-D4F0CDADE615}.Debug|Any CPU.ActiveCfg = Debug|Any CPU
		{D5763AEE-6AF3-603F-48BC-D4F0CDADE615}.Debug|Any CPU.Build.0 = Debug|Any CPU
		{D5763AEE-6AF3-603F-48BC-D4F0CDADE615}.Release|Any CPU.ActiveCfg = Release|Any CPU
		{D5763AEE-6AF3-603F-48BC-D4F0CDADE615}.Release|Any CPU.Build.0 = Release|Any CPU
		{3019B726-DB69-3ACF-6868-1FD706A059EC}.Debug|Any CPU.ActiveCfg = Debug|Any CPU
		{3019B726-DB69-3ACF-6868-1FD706A059EC}.Debug|Any CPU.Build.0 = Debug|Any CPU
		{3019B726-DB69-3ACF-6868-1FD706A059EC}.Release|Any CPU.ActiveCfg = Release|Any CPU
		{3019B726-DB69-3ACF-6868-1FD706A059EC}.Release|Any CPU.Build.0 = Release|Any CPU
		{43910AA1-183A-4C34-1088-CEE6C206820F}.Debug|Any CPU.ActiveCfg = Debug|Any CPU
		{43910AA1-183A-4C34-1088-CEE6C206820F}.Debug|Any CPU.Build.0 = Debug|Any CPU
		{43910AA1-183A-4C34-1088-CEE6C206820F}.Release|Any CPU.ActiveCfg = Release|Any CPU
		{43910AA1-183A-4C34-1088-CEE6C206820F}.Release|Any CPU.Build.0 = Release|Any CPU
		{86D60F0C-4792-6BD4-9873-443438C42BFC}.Debug|Any CPU.ActiveCfg = Debug|Any CPU
		{86D60F0C-4792-6BD4-9873-443438C42BFC}.Debug|Any CPU.Build.0 = Debug|Any CPU
		{86D60F0C-4792-6BD4-9873-443438C42BFC}.Release|Any CPU.ActiveCfg = Release|Any CPU
		{86D60F0C-4792-6BD4-9873-443438C42BFC}.Release|Any CPU.Build.0 = Release|Any CPU
		{0F97A1B5-B552-7A7A-1740-91057C1721B0}.Debug|Any CPU.ActiveCfg = Debug|Any CPU
		{0F97A1B5-B552-7A7A-1740-91057C1721B0}.Debug|Any CPU.Build.0 = Debug|Any CPU
		{0F97A1B5-B552-7A7A-1740-91057C1721B0}.Release|Any CPU.ActiveCfg = Release|Any CPU
		{0F97A1B5-B552-7A7A-1740-91057C1721B0}.Release|Any CPU.Build.0 = Release|Any CPU
		{A784624F-AD23-6AF0-3686-E1DA66C33384}.Debug|Any CPU.ActiveCfg = Debug|Any CPU
		{A784624F-AD23-6AF0-3686-E1DA66C33384}.Debug|Any CPU.Build.0 = Debug|Any CPU
		{A784624F-AD23-6AF0-3686-E1DA66C33384}.Release|Any CPU.ActiveCfg = Release|Any CPU
		{A784624F-AD23-6AF0-3686-E1DA66C33384}.Release|Any CPU.Build.0 = Release|Any CPU
		{7BFDA7D0-313B-28DE-9841-B20ACD1B05F1}.Debug|Any CPU.ActiveCfg = Debug|Any CPU
		{7BFDA7D0-313B-28DE-9841-B20ACD1B05F1}.Debug|Any CPU.Build.0 = Debug|Any CPU
		{7BFDA7D0-313B-28DE-9841-B20ACD1B05F1}.Release|Any CPU.ActiveCfg = Release|Any CPU
		{7BFDA7D0-313B-28DE-9841-B20ACD1B05F1}.Release|Any CPU.Build.0 = Release|Any CPU
		{DC9A7002-FB47-84F4-C9A8-B8371453A826}.Debug|Any CPU.ActiveCfg = Debug|Any CPU
		{DC9A7002-FB47-84F4-C9A8-B8371453A826}.Debug|Any CPU.Build.0 = Debug|Any CPU
		{DC9A7002-FB47-84F4-C9A8-B8371453A826}.Release|Any CPU.ActiveCfg = Release|Any CPU
		{DC9A7002-FB47-84F4-C9A8-B8371453A826}.Release|Any CPU.Build.0 = Release|Any CPU
		{2DEC0AE5-3002-8762-882D-E442145D1233}.Debug|Any CPU.ActiveCfg = Debug|Any CPU
		{2DEC0AE5-3002-8762-882D-E442145D1233}.Debug|Any CPU.Build.0 = Debug|Any CPU
		{2DEC0AE5-3002-8762-882D-E442145D1233}.Release|Any CPU.ActiveCfg = Release|Any CPU
		{2DEC0AE5-3002-8762-882D-E442145D1233}.Release|Any CPU.Build.0 = Release|Any CPU
		{B946DA66-A154-1498-F21D-633E339C70EA}.Debug|Any CPU.ActiveCfg = Debug|Any CPU
		{B946DA66-A154-1498-F21D-633E339C70EA}.Debug|Any CPU.Build.0 = Debug|Any CPU
		{B946DA66-A154-1498-F21D-633E339C70EA}.Release|Any CPU.ActiveCfg = Release|Any CPU
		{B946DA66-A154-1498-F21D-633E339C70EA}.Release|Any CPU.Build.0 = Release|Any CPU
		{1E54F46B-CA19-2AFD-FC4E-3BB6AFE4984A}.Debug|Any CPU.ActiveCfg = Debug|Any CPU
		{1E54F46B-CA19-2AFD-FC4E-3BB6AFE4984A}.Debug|Any CPU.Build.0 = Debug|Any CPU
		{1E54F46B-CA19-2AFD-FC4E-3BB6AFE4984A}.Release|Any CPU.ActiveCfg = Release|Any CPU
		{1E54F46B-CA19-2AFD-FC4E-3BB6AFE4984A}.Release|Any CPU.Build.0 = Release|Any CPU
		{3EFB034B-0F4F-74C7-E8D2-4F2BFC912B7A}.Debug|Any CPU.ActiveCfg = Debug|Any CPU
		{3EFB034B-0F4F-74C7-E8D2-4F2BFC912B7A}.Debug|Any CPU.Build.0 = Debug|Any CPU
		{3EFB034B-0F4F-74C7-E8D2-4F2BFC912B7A}.Release|Any CPU.ActiveCfg = Release|Any CPU
		{3EFB034B-0F4F-74C7-E8D2-4F2BFC912B7A}.Release|Any CPU.Build.0 = Release|Any CPU
		{F6BCD1C5-BB26-BF60-01A3-F130052400FC}.Debug|Any CPU.ActiveCfg = Debug|Any CPU
		{F6BCD1C5-BB26-BF60-01A3-F130052400FC}.Debug|Any CPU.Build.0 = Debug|Any CPU
		{F6BCD1C5-BB26-BF60-01A3-F130052400FC}.Release|Any CPU.ActiveCfg = Release|Any CPU
		{F6BCD1C5-BB26-BF60-01A3-F130052400FC}.Release|Any CPU.Build.0 = Release|Any CPU
		{81BF4C5C-DF55-92BC-FBCF-39EDB57F6E10}.Debug|Any CPU.ActiveCfg = Debug|Any CPU
		{81BF4C5C-DF55-92BC-FBCF-39EDB57F6E10}.Debug|Any CPU.Build.0 = Debug|Any CPU
		{81BF4C5C-DF55-92BC-FBCF-39EDB57F6E10}.Release|Any CPU.ActiveCfg = Release|Any CPU
		{81BF4C5C-DF55-92BC-FBCF-39EDB57F6E10}.Release|Any CPU.Build.0 = Release|Any CPU
		{D6413933-B6DD-A7F6-94FA-8D20C145CFCA}.Debug|Any CPU.ActiveCfg = Debug|Any CPU
		{D6413933-B6DD-A7F6-94FA-8D20C145CFCA}.Debug|Any CPU.Build.0 = Debug|Any CPU
		{D6413933-B6DD-A7F6-94FA-8D20C145CFCA}.Release|Any CPU.ActiveCfg = Release|Any CPU
		{D6413933-B6DD-A7F6-94FA-8D20C145CFCA}.Release|Any CPU.Build.0 = Release|Any CPU
		{253456AD-55B5-1017-5507-A37F18C72274}.Debug|Any CPU.ActiveCfg = Debug|Any CPU
		{253456AD-55B5-1017-5507-A37F18C72274}.Debug|Any CPU.Build.0 = Debug|Any CPU
		{253456AD-55B5-1017-5507-A37F18C72274}.Release|Any CPU.ActiveCfg = Release|Any CPU
		{253456AD-55B5-1017-5507-A37F18C72274}.Release|Any CPU.Build.0 = Release|Any CPU
		{20300E33-3C6A-D513-589C-4BF16F3C3D48}.Debug|Any CPU.ActiveCfg = Debug|Any CPU
		{20300E33-3C6A-D513-589C-4BF16F3C3D48}.Debug|Any CPU.Build.0 = Debug|Any CPU
		{20300E33-3C6A-D513-589C-4BF16F3C3D48}.Release|Any CPU.ActiveCfg = Release|Any CPU
		{20300E33-3C6A-D513-589C-4BF16F3C3D48}.Release|Any CPU.Build.0 = Release|Any CPU
		{4D7A56DD-4440-DEF3-7116-3BC8628594A2}.Debug|Any CPU.ActiveCfg = Debug|Any CPU
		{4D7A56DD-4440-DEF3-7116-3BC8628594A2}.Debug|Any CPU.Build.0 = Debug|Any CPU
		{4D7A56DD-4440-DEF3-7116-3BC8628594A2}.Release|Any CPU.ActiveCfg = Release|Any CPU
		{4D7A56DD-4440-DEF3-7116-3BC8628594A2}.Release|Any CPU.Build.0 = Release|Any CPU
		{4AC3E2B0-46D4-293F-133B-A43C81C9159A}.Debug|Any CPU.ActiveCfg = Debug|Any CPU
		{4AC3E2B0-46D4-293F-133B-A43C81C9159A}.Debug|Any CPU.Build.0 = Debug|Any CPU
		{4AC3E2B0-46D4-293F-133B-A43C81C9159A}.Release|Any CPU.ActiveCfg = Release|Any CPU
		{4AC3E2B0-46D4-293F-133B-A43C81C9159A}.Release|Any CPU.Build.0 = Release|Any CPU
		{6A303DEB-485B-7F5E-67A3-BEE5281D141B}.Debug|Any CPU.ActiveCfg = Debug|Any CPU
		{6A303DEB-485B-7F5E-67A3-BEE5281D141B}.Debug|Any CPU.Build.0 = Debug|Any CPU
		{6A303DEB-485B-7F5E-67A3-BEE5281D141B}.Release|Any CPU.ActiveCfg = Release|Any CPU
		{6A303DEB-485B-7F5E-67A3-BEE5281D141B}.Release|Any CPU.Build.0 = Release|Any CPU
		{783C250B-7185-DFD3-BF4B-4E41597C8C33}.Debug|Any CPU.ActiveCfg = Debug|Any CPU
		{783C250B-7185-DFD3-BF4B-4E41597C8C33}.Debug|Any CPU.Build.0 = Debug|Any CPU
		{783C250B-7185-DFD3-BF4B-4E41597C8C33}.Release|Any CPU.ActiveCfg = Release|Any CPU
		{783C250B-7185-DFD3-BF4B-4E41597C8C33}.Release|Any CPU.Build.0 = Release|Any CPU
		{AEDB92D7-5CD4-35F4-1ED0-15E4E501C686}.Debug|Any CPU.ActiveCfg = Debug|Any CPU
		{AEDB92D7-5CD4-35F4-1ED0-15E4E501C686}.Debug|Any CPU.Build.0 = Debug|Any CPU
		{AEDB92D7-5CD4-35F4-1ED0-15E4E501C686}.Release|Any CPU.ActiveCfg = Release|Any CPU
		{AEDB92D7-5CD4-35F4-1ED0-15E4E501C686}.Release|Any CPU.Build.0 = Release|Any CPU
		{2F06A6B4-B667-1129-3E74-167F3EF7F878}.Debug|Any CPU.ActiveCfg = Debug|Any CPU
		{2F06A6B4-B667-1129-3E74-167F3EF7F878}.Debug|Any CPU.Build.0 = Debug|Any CPU
		{2F06A6B4-B667-1129-3E74-167F3EF7F878}.Release|Any CPU.ActiveCfg = Release|Any CPU
		{2F06A6B4-B667-1129-3E74-167F3EF7F878}.Release|Any CPU.Build.0 = Release|Any CPU
		{552A74C2-4DA0-1E2B-A6AC-CF16553E0742}.Debug|Any CPU.ActiveCfg = Debug|Any CPU
		{552A74C2-4DA0-1E2B-A6AC-CF16553E0742}.Debug|Any CPU.Build.0 = Debug|Any CPU
		{552A74C2-4DA0-1E2B-A6AC-CF16553E0742}.Release|Any CPU.ActiveCfg = Release|Any CPU
		{552A74C2-4DA0-1E2B-A6AC-CF16553E0742}.Release|Any CPU.Build.0 = Release|Any CPU
		{7BAE08DD-444D-A8C3-1179-04F6C6E3C22C}.Debug|Any CPU.ActiveCfg = Debug|Any CPU
		{7BAE08DD-444D-A8C3-1179-04F6C6E3C22C}.Debug|Any CPU.Build.0 = Debug|Any CPU
		{7BAE08DD-444D-A8C3-1179-04F6C6E3C22C}.Release|Any CPU.ActiveCfg = Release|Any CPU
		{7BAE08DD-444D-A8C3-1179-04F6C6E3C22C}.Release|Any CPU.Build.0 = Release|Any CPU
		{B4C2FE72-71F2-FB45-71E8-DF9AAEF04F8A}.Debug|Any CPU.ActiveCfg = Debug|Any CPU
		{B4C2FE72-71F2-FB45-71E8-DF9AAEF04F8A}.Debug|Any CPU.Build.0 = Debug|Any CPU
		{B4C2FE72-71F2-FB45-71E8-DF9AAEF04F8A}.Release|Any CPU.ActiveCfg = Release|Any CPU
		{B4C2FE72-71F2-FB45-71E8-DF9AAEF04F8A}.Release|Any CPU.Build.0 = Release|Any CPU
		{DAC63A44-157A-0AF8-4D5F-F409B2FF2706}.Debug|Any CPU.ActiveCfg = Debug|Any CPU
		{DAC63A44-157A-0AF8-4D5F-F409B2FF2706}.Debug|Any CPU.Build.0 = Debug|Any CPU
		{DAC63A44-157A-0AF8-4D5F-F409B2FF2706}.Release|Any CPU.ActiveCfg = Release|Any CPU
		{DAC63A44-157A-0AF8-4D5F-F409B2FF2706}.Release|Any CPU.Build.0 = Release|Any CPU
		{4A4519AA-8099-58A4-357B-F10BEAE60C67}.Debug|Any CPU.ActiveCfg = Debug|Any CPU
		{4A4519AA-8099-58A4-357B-F10BEAE60C67}.Debug|Any CPU.Build.0 = Debug|Any CPU
		{4A4519AA-8099-58A4-357B-F10BEAE60C67}.Release|Any CPU.ActiveCfg = Release|Any CPU
		{4A4519AA-8099-58A4-357B-F10BEAE60C67}.Release|Any CPU.Build.0 = Release|Any CPU
		{A8662506-7407-4A34-1619-37441887D7B5}.Debug|Any CPU.ActiveCfg = Debug|Any CPU
		{A8662506-7407-4A34-1619-37441887D7B5}.Debug|Any CPU.Build.0 = Debug|Any CPU
		{A8662506-7407-4A34-1619-37441887D7B5}.Release|Any CPU.ActiveCfg = Release|Any CPU
		{A8662506-7407-4A34-1619-37441887D7B5}.Release|Any CPU.Build.0 = Release|Any CPU
		{AB82A0B5-E72F-8211-E577-99CFA656AFF3}.Debug|Any CPU.ActiveCfg = Debug|Any CPU
		{AB82A0B5-E72F-8211-E577-99CFA656AFF3}.Debug|Any CPU.Build.0 = Debug|Any CPU
		{AB82A0B5-E72F-8211-E577-99CFA656AFF3}.Release|Any CPU.ActiveCfg = Release|Any CPU
		{AB82A0B5-E72F-8211-E577-99CFA656AFF3}.Release|Any CPU.Build.0 = Release|Any CPU
	EndGlobalSection
	GlobalSection(SolutionProperties) = preSolution
		HideSolutionNode = FALSE
	EndGlobalSection
EndGlobal
